
Microsoft Visual Studio Solution File, Format Version 12.00
# Visual Studio 15
VisualStudioVersion = 15.0.26730.12
MinimumVisualStudioVersion = 10.0.40219.1
Project("{888888A0-9F3D-457C-B088-3A5042F75D52}") = "KKulsri_Hospital", "KKulsri_Hospital\KKulsri_Hospital.pyproj", "{D6D927F1-4AF3-4B22-8507-0BDA456444C3}"
EndProject
Global
	GlobalSection(SolutionConfigurationPlatforms) = preSolution
		Debug|Any CPU = Debug|Any CPU
		Release|Any CPU = Release|Any CPU
	EndGlobalSection
	GlobalSection(ProjectConfigurationPlatforms) = postSolution
		{D6D927F1-4AF3-4B22-8507-0BDA456444C3}.Debug|Any CPU.ActiveCfg = Debug|Any CPU
		{D6D927F1-4AF3-4B22-8507-0BDA456444C3}.Debug|Any CPU.Build.0 = Debug|Any CPU
		{D6D927F1-4AF3-4B22-8507-0BDA456444C3}.Release|Any CPU.ActiveCfg = Release|Any CPU
		{D6D927F1-4AF3-4B22-8507-0BDA456444C3}.Release|Any CPU.Build.0 = Release|Any CPU
	EndGlobalSection
	GlobalSection(SolutionProperties) = preSolution
		HideSolutionNode = FALSE
	EndGlobalSection
	GlobalSection(ExtensibilityGlobals) = postSolution
		SolutionGuid = {1AAFFB3C-D40F-458C-8122-A0FBD77B2806}
	EndGlobalSection
EndGlobal
